// !$*UTF8*$!
{
	archiveVersion = 1;
	classes = {
	};
	objectVersion = 56;
	objects = {

/* Begin PBXBuildFile section */
		73E4B66F2972FD1400690E68 /* RealmManager.swift in Sources */ = {isa = PBXBuildFile; fileRef = 73E4B66E2972FD1400690E68 /* RealmManager.swift */; };
		73E4B6712972FD3100690E68 /* Card.swift in Sources */ = {isa = PBXBuildFile; fileRef = 73E4B6702972FD3100690E68 /* Card.swift */; };
		E4377B7C29701F1200387AD9 /* TaskVieww.swift in Sources */ = {isa = PBXBuildFile; fileRef = E4377B7B29701F1200387AD9 /* TaskVieww.swift */; };
		E462B8BE296E414A005F8F2E /* CardFinalApp.swift in Sources */ = {isa = PBXBuildFile; fileRef = E462B8BD296E414A005F8F2E /* CardFinalApp.swift */; };
		E462B8C0296E414A005F8F2E /* ContentView.swift in Sources */ = {isa = PBXBuildFile; fileRef = E462B8BF296E414A005F8F2E /* ContentView.swift */; };
		E462B8C2296E414B005F8F2E /* Assets.xcassets in Resources */ = {isa = PBXBuildFile; fileRef = E462B8C1296E414B005F8F2E /* Assets.xcassets */; };
		E462B8C5296E414B005F8F2E /* Preview Assets.xcassets in Resources */ = {isa = PBXBuildFile; fileRef = E462B8C4296E414B005F8F2E /* Preview Assets.xcassets */; };
		E462B8CD296E41A3005F8F2E /* Taskview.swift in Sources */ = {isa = PBXBuildFile; fileRef = E462B8CC296E41A3005F8F2E /* Taskview.swift */; };
		E462B8D0296E42D6005F8F2E /* TaskRow.swift in Sources */ = {isa = PBXBuildFile; fileRef = E462B8CF296E42D6005F8F2E /* TaskRow.swift */; };
		E462B8D2296E4824005F8F2E /* Add.swift in Sources */ = {isa = PBXBuildFile; fileRef = E462B8D1296E4824005F8F2E /* Add.swift */; };
		E462B8D4296E4E1B005F8F2E /* AddButton.swift in Sources */ = {isa = PBXBuildFile; fileRef = E462B8D3296E4E1B005F8F2E /* AddButton.swift */; };
		E47EAF0D296ED65C008E206F /* Realm in Frameworks */ = {isa = PBXBuildFile; productRef = E47EAF0C296ED65C008E206F /* Realm */; };
		E47EAF0F296ED65C008E206F /* RealmSwift in Frameworks */ = {isa = PBXBuildFile; productRef = E47EAF0E296ED65C008E206F /* RealmSwift */; };
		E4C22604296F07CD00C4FEFC /* Localizable.strings in Resources */ = {isa = PBXBuildFile; fileRef = E4C22606296F07CD00C4FEFC /* Localizable.strings */; };
/* End PBXBuildFile section */

/* Begin PBXFileReference section */
		73E4B66E2972FD1400690E68 /* RealmManager.swift */ = {isa = PBXFileReference; lastKnownFileType = sourcecode.swift; path = RealmManager.swift; sourceTree = "<group>"; };
		73E4B6702972FD3100690E68 /* Card.swift */ = {isa = PBXFileReference; lastKnownFileType = sourcecode.swift; path = Card.swift; sourceTree = "<group>"; };
		E4377B7B29701F1200387AD9 /* TaskVieww.swift */ = {isa = PBXFileReference; lastKnownFileType = sourcecode.swift; path = TaskVieww.swift; sourceTree = "<group>"; };
		E462B8BA296E414A005F8F2E /* CardFinal.app */ = {isa = PBXFileReference; explicitFileType = wrapper.application; includeInIndex = 0; path = CardFinal.app; sourceTree = BUILT_PRODUCTS_DIR; };
		E462B8BD296E414A005F8F2E /* CardFinalApp.swift */ = {isa = PBXFileReference; lastKnownFileType = sourcecode.swift; path = CardFinalApp.swift; sourceTree = "<group>"; };
		E462B8BF296E414A005F8F2E /* ContentView.swift */ = {isa = PBXFileReference; lastKnownFileType = sourcecode.swift; path = ContentView.swift; sourceTree = "<group>"; };
		E462B8C1296E414B005F8F2E /* Assets.xcassets */ = {isa = PBXFileReference; lastKnownFileType = folder.assetcatalog; path = Assets.xcassets; sourceTree = "<group>"; };
		E462B8C4296E414B005F8F2E /* Preview Assets.xcassets */ = {isa = PBXFileReference; lastKnownFileType = folder.assetcatalog; path = "Preview Assets.xcassets"; sourceTree = "<group>"; };
		E462B8CC296E41A3005F8F2E /* Taskview.swift */ = {isa = PBXFileReference; lastKnownFileType = sourcecode.swift; path = Taskview.swift; sourceTree = "<group>"; };
		E462B8CF296E42D6005F8F2E /* TaskRow.swift */ = {isa = PBXFileReference; lastKnownFileType = sourcecode.swift; path = TaskRow.swift; sourceTree = "<group>"; };
		E462B8D1296E4824005F8F2E /* Add.swift */ = {isa = PBXFileReference; lastKnownFileType = sourcecode.swift; path = Add.swift; sourceTree = "<group>"; };
		E462B8D3296E4E1B005F8F2E /* AddButton.swift */ = {isa = PBXFileReference; lastKnownFileType = sourcecode.swift; path = AddButton.swift; sourceTree = "<group>"; };
		E4C22605296F07CD00C4FEFC /* en */ = {isa = PBXFileReference; lastKnownFileType = text.plist.strings; name = en; path = en.lproj/Localizable.strings; sourceTree = "<group>"; };
		E4C22607296F07CE00C4FEFC /* ar */ = {isa = PBXFileReference; lastKnownFileType = text.plist.strings; name = ar; path = ar.lproj/Localizable.strings; sourceTree = "<group>"; };
/* End PBXFileReference section */

/* Begin PBXFrameworksBuildPhase section */
		E462B8B7296E414A005F8F2E /* Frameworks */ = {
			isa = PBXFrameworksBuildPhase;
			buildActionMask = 2147483647;
			files = (
				E47EAF0F296ED65C008E206F /* RealmSwift in Frameworks */,
				E47EAF0D296ED65C008E206F /* Realm in Frameworks */,
			);
			runOnlyForDeploymentPostprocessing = 0;
		};
/* End PBXFrameworksBuildPhase section */

/* Begin PBXGroup section */
		E462B8B1296E414A005F8F2E = {
			isa = PBXGroup;
			children = (
				E462B8BC296E414A005F8F2E /* CardFinal */,
				E462B8BB296E414A005F8F2E /* Products */,
			);
			sourceTree = "<group>";
		};
		E462B8BB296E414A005F8F2E /* Products */ = {
			isa = PBXGroup;
			children = (
				E462B8BA296E414A005F8F2E /* CardFinal.app */,
			);
			name = Products;
			sourceTree = "<group>";
		};
		E462B8BC296E414A005F8F2E /* CardFinal */ = {
			isa = PBXGroup;
			children = (
				E462B8BD296E414A005F8F2E /* CardFinalApp.swift */,
				E462B8CE296E42B3005F8F2E /* Comp */,
				E462B8CB296E4187005F8F2E /* View */,
				E462B8C1296E414B005F8F2E /* Assets.xcassets */,
				E462B8C3296E414B005F8F2E /* Preview Content */,
				73E4B66E2972FD1400690E68 /* RealmManager.swift */,
			);
			path = CardFinal;
			sourceTree = "<group>";
		};
		E462B8C3296E414B005F8F2E /* Preview Content */ = {
			isa = PBXGroup;
			children = (
				E462B8C4296E414B005F8F2E /* Preview Assets.xcassets */,
				73E4B6702972FD3100690E68 /* Card.swift */,
			);
			path = "Preview Content";
			sourceTree = "<group>";
		};
		E462B8CB296E4187005F8F2E /* View */ = {
			isa = PBXGroup;
			children = (
				E462B8CC296E41A3005F8F2E /* Taskview.swift */,
				E462B8BF296E414A005F8F2E /* ContentView.swift */,
				E462B8D1296E4824005F8F2E /* Add.swift */,
				E4377B7B29701F1200387AD9 /* TaskVieww.swift */,
				E4C22606296F07CD00C4FEFC /* Localizable.strings */,
			);
			path = View;
			sourceTree = "<group>";
		};
		E462B8CE296E42B3005F8F2E /* Comp */ = {
			isa = PBXGroup;
			children = (
				E462B8CF296E42D6005F8F2E /* TaskRow.swift */,
				E462B8D3296E4E1B005F8F2E /* AddButton.swift */,
			);
			path = Comp;
			sourceTree = "<group>";
		};
/* End PBXGroup section */

/* Begin PBXNativeTarget section */
		E462B8B9296E414A005F8F2E /* CardFinal */ = {
			isa = PBXNativeTarget;
			buildConfigurationList = E462B8C8296E414B005F8F2E /* Build configuration list for PBXNativeTarget "CardFinal" */;
			buildPhases = (
				E462B8B6296E414A005F8F2E /* Sources */,
				E462B8B7296E414A005F8F2E /* Frameworks */,
				E462B8B8296E414A005F8F2E /* Resources */,
			);
			buildRules = (
			);
			dependencies = (
			);
			name = CardFinal;
			packageProductDependencies = (
				E47EAF0C296ED65C008E206F /* Realm */,
				E47EAF0E296ED65C008E206F /* RealmSwift */,
			);
			productName = CardFinal;
			productReference = E462B8BA296E414A005F8F2E /* CardFinal.app */;
			productType = "com.apple.product-type.application";
		};
/* End PBXNativeTarget section */

/* Begin PBXProject section */
		E462B8B2296E414A005F8F2E /* Project object */ = {
			isa = PBXProject;
			attributes = {
				BuildIndependentTargetsInParallel = 1;
				LastSwiftUpdateCheck = 1420;
				LastUpgradeCheck = 1420;
				TargetAttributes = {
					E462B8B9296E414A005F8F2E = {
						CreatedOnToolsVersion = 14.2;
					};
				};
			};
			buildConfigurationList = E462B8B5296E414A005F8F2E /* Build configuration list for PBXProject "CardFinal" */;
			compatibilityVersion = "Xcode 14.0";
			developmentRegion = en;
			hasScannedForEncodings = 0;
			knownRegions = (
				en,
				Base,
				ar,
			);
			mainGroup = E462B8B1296E414A005F8F2E;
			packageReferences = (
				E47EAF0B296ED65C008E206F /* XCRemoteSwiftPackageReference "realm-cocoa" */,
			);
			productRefGroup = E462B8BB296E414A005F8F2E /* Products */;
			projectDirPath = "";
			projectRoot = "";
			targets = (
				E462B8B9296E414A005F8F2E /* CardFinal */,
			);
		};
/* End PBXProject section */

/* Begin PBXResourcesBuildPhase section */
		E462B8B8296E414A005F8F2E /* Resources */ = {
			isa = PBXResourcesBuildPhase;
			buildActionMask = 2147483647;
			files = (
				E462B8C5296E414B005F8F2E /* Preview Assets.xcassets in Resources */,
				E4C22604296F07CD00C4FEFC /* Localizable.strings in Resources */,
				E462B8C2296E414B005F8F2E /* Assets.xcassets in Resources */,
			);
			runOnlyForDeploymentPostprocessing = 0;
		};
/* End PBXResourcesBuildPhase section */

/* Begin PBXSourcesBuildPhase section */
		E462B8B6296E414A005F8F2E /* Sources */ = {
			isa = PBXSourcesBuildPhase;
			buildActionMask = 2147483647;
			files = (
				E462B8C0296E414A005F8F2E /* ContentView.swift in Sources */,
				73E4B6712972FD3100690E68 /* Card.swift in Sources */,
				E462B8BE296E414A005F8F2E /* CardFinalApp.swift in Sources */,
				E462B8CD296E41A3005F8F2E /* Taskview.swift in Sources */,
				E462B8D4296E4E1B005F8F2E /* AddButton.swift in Sources */,
				E462B8D2296E4824005F8F2E /* Add.swift in Sources */,
				73E4B66F2972FD1400690E68 /* RealmManager.swift in Sources */,
				E4377B7C29701F1200387AD9 /* TaskVieww.swift in Sources */,
				E462B8D0296E42D6005F8F2E /* TaskRow.swift in Sources */,
			);
			runOnlyForDeploymentPostprocessing = 0;
		};
/* End PBXSourcesBuildPhase section */

/* Begin PBXVariantGroup section */
		E4C22606296F07CD00C4FEFC /* Localizable.strings */ = {
			isa = PBXVariantGroup;
			children = (
				E4C22605296F07CD00C4FEFC /* en */,
				E4C22607296F07CE00C4FEFC /* ar */,
			);
			name = Localizable.strings;
			sourceTree = "<group>";
		};
/* End PBXVariantGroup section */

/* Begin XCBuildConfiguration section */
		E462B8C6296E414B005F8F2E /* Debug */ = {
			isa = XCBuildConfiguration;
			buildSettings = {
				ALWAYS_SEARCH_USER_PATHS = NO;
				CLANG_ANALYZER_NONNULL = YES;
				CLANG_ANALYZER_NUMBER_OBJECT_CONVERSION = YES_AGGRESSIVE;
				CLANG_CXX_LANGUAGE_STANDARD = "gnu++20";
				CLANG_ENABLE_MODULES = YES;
				CLANG_ENABLE_OBJC_ARC = YES;
				CLANG_ENABLE_OBJC_WEAK = YES;
				CLANG_WARN_BLOCK_CAPTURE_AUTORELEASING = YES;
				CLANG_WARN_BOOL_CONVERSION = YES;
				CLANG_WARN_COMMA = YES;
				CLANG_WARN_CONSTANT_CONVERSION = YES;
				CLANG_WARN_DEPRECATED_OBJC_IMPLEMENTATIONS = YES;
				CLANG_WARN_DIRECT_OBJC_ISA_USAGE = YES_ERROR;
				CLANG_WARN_DOCUMENTATION_COMMENTS = YES;
				CLANG_WARN_EMPTY_BODY = YES;
				CLANG_WARN_ENUM_CONVERSION = YES;
				CLANG_WARN_INFINITE_RECURSION = YES;
				CLANG_WARN_INT_CONVERSION = YES;
				CLANG_WARN_NON_LITERAL_NULL_CONVERSION = YES;
				CLANG_WARN_OBJC_IMPLICIT_RETAIN_SELF = YES;
				CLANG_WARN_OBJC_LITERAL_CONVERSION = YES;
				CLANG_WARN_OBJC_ROOT_CLASS = YES_ERROR;
				CLANG_WARN_QUOTED_INCLUDE_IN_FRAMEWORK_HEADER = YES;
				CLANG_WARN_RANGE_LOOP_ANALYSIS = YES;
				CLANG_WARN_STRICT_PROTOTYPES = YES;
				CLANG_WARN_SUSPICIOUS_MOVE = YES;
				CLANG_WARN_UNGUARDED_AVAILABILITY = YES_AGGRESSIVE;
				CLANG_WARN_UNREACHABLE_CODE = YES;
				CLANG_WARN__DUPLICATE_METHOD_MATCH = YES;
				COPY_PHASE_STRIP = NO;
				DEBUG_INFORMATION_FORMAT = dwarf;
				ENABLE_STRICT_OBJC_MSGSEND = YES;
				ENABLE_TESTABILITY = YES;
				GCC_C_LANGUAGE_STANDARD = gnu11;
				GCC_DYNAMIC_NO_PIC = NO;
				GCC_NO_COMMON_BLOCKS = YES;
				GCC_OPTIMIZATION_LEVEL = 0;
				GCC_PREPROCESSOR_DEFINITIONS = (
					"DEBUG=1",
					"$(inherited)",
				);
				GCC_WARN_64_TO_32_BIT_CONVERSION = YES;
				GCC_WARN_ABOUT_RETURN_TYPE = YES_ERROR;
				GCC_WARN_UNDECLARED_SELECTOR = YES;
				GCC_WARN_UNINITIALIZED_AUTOS = YES_AGGRESSIVE;
				GCC_WARN_UNUSED_FUNCTION = YES;
				GCC_WARN_UNUSED_VARIABLE = YES;
				IPHONEOS_DEPLOYMENT_TARGET = 16.2;
				MTL_ENABLE_DEBUG_INFO = INCLUDE_SOURCE;
				MTL_FAST_MATH = YES;
				ONLY_ACTIVE_ARCH = YES;
				SDKROOT = iphoneos;
				SWIFT_ACTIVE_COMPILATION_CONDITIONS = DEBUG;
				SWIFT_OPTIMIZATION_LEVEL = "-Onone";
			};
			name = Debug;
		};
		E462B8C7296E414B005F8F2E /* Release */ = {
			isa = XCBuildConfiguration;
			buildSettings = {
				ALWAYS_SEARCH_USER_PATHS = NO;
				CLANG_ANALYZER_NONNULL = YES;
				CLANG_ANALYZER_NUMBER_OBJECT_CONVERSION = YES_AGGRESSIVE;
				CLANG_CXX_LANGUAGE_STANDARD = "gnu++20";
				CLANG_ENABLE_MODULES = YES;
				CLANG_ENABLE_OBJC_ARC = YES;
				CLANG_ENABLE_OBJC_WEAK = YES;
				CLANG_WARN_BLOCK_CAPTURE_AUTORELEASING = YES;
				CLANG_WARN_BOOL_CONVERSION = YES;
				CLANG_WARN_COMMA = YES;
				CLANG_WARN_CONSTANT_CONVERSION = YES;
				CLANG_WARN_DEPRECATED_OBJC_IMPLEMENTATIONS = YES;
				CLANG_WARN_DIRECT_OBJC_ISA_USAGE = YES_ERROR;
				CLANG_WARN_DOCUMENTATION_COMMENTS = YES;
				CLANG_WARN_EMPTY_BODY = YES;
				CLANG_WARN_ENUM_CONVERSION = YES;
				CLANG_WARN_INFINITE_RECURSION = YES;
				CLANG_WARN_INT_CONVERSION = YES;
				CLANG_WARN_NON_LITERAL_NULL_CONVERSION = YES;
				CLANG_WARN_OBJC_IMPLICIT_RETAIN_SELF = YES;
				CLANG_WARN_OBJC_LITERAL_CONVERSION = YES;
				CLANG_WARN_OBJC_ROOT_CLASS = YES_ERROR;
				CLANG_WARN_QUOTED_INCLUDE_IN_FRAMEWORK_HEADER = YES;
				CLANG_WARN_RANGE_LOOP_ANALYSIS = YES;
				CLANG_WARN_STRICT_PROTOTYPES = YES;
				CLANG_WARN_SUSPICIOUS_MOVE = YES;
				CLANG_WARN_UNGUARDED_AVAILABILITY = YES_AGGRESSIVE;
				CLANG_WARN_UNREACHABLE_CODE = YES;
				CLANG_WARN__DUPLICATE_METHOD_MATCH = YES;
				COPY_PHASE_STRIP = NO;
				DEBUG_INFORMATION_FORMAT = "dwarf-with-dsym";
				ENABLE_NS_ASSERTIONS = NO;
				ENABLE_STRICT_OBJC_MSGSEND = YES;
				GCC_C_LANGUAGE_STANDARD = gnu11;
				GCC_NO_COMMON_BLOCKS = YES;
				GCC_WARN_64_TO_32_BIT_CONVERSION = YES;
				GCC_WARN_ABOUT_RETURN_TYPE = YES_ERROR;
				GCC_WARN_UNDECLARED_SELECTOR = YES;
				GCC_WARN_UNINITIALIZED_AUTOS = YES_AGGRESSIVE;
				GCC_WARN_UNUSED_FUNCTION = YES;
				GCC_WARN_UNUSED_VARIABLE = YES;
				IPHONEOS_DEPLOYMENT_TARGET = 16.2;
				MTL_ENABLE_DEBUG_INFO = NO;
				MTL_FAST_MATH = YES;
				SDKROOT = iphoneos;
				SWIFT_COMPILATION_MODE = wholemodule;
				SWIFT_OPTIMIZATION_LEVEL = "-O";
				VALIDATE_PRODUCT = YES;
			};
			name = Release;
		};
		E462B8C9296E414B005F8F2E /* Debug */ = {
			isa = XCBuildConfiguration;
			buildSettings = {
				ASSETCATALOG_COMPILER_APPICON_NAME = AppIcon;
				ASSETCATALOG_COMPILER_GLOBAL_ACCENT_COLOR_NAME = AccentColor;
				CODE_SIGN_STYLE = Automatic;
				CURRENT_PROJECT_VERSION = 1;
				DEVELOPMENT_ASSET_PATHS = "\"CardFinal/Preview Content\"";
				DEVELOPMENT_TEAM = 49NQ8F3289;
				ENABLE_PREVIEWS = YES;
				GENERATE_INFOPLIST_FILE = YES;
				INFOPLIST_KEY_UIApplicationSceneManifest_Generation = YES;
				INFOPLIST_KEY_UIApplicationSupportsIndirectInputEvents = YES;
				INFOPLIST_KEY_UILaunchScreen_Generation = YES;
				INFOPLIST_KEY_UISupportedInterfaceOrientations_iPad = "UIInterfaceOrientationPortrait UIInterfaceOrientationPortraitUpsideDown UIInterfaceOrientationLandscapeLeft UIInterfaceOrientationLandscapeRight";
				INFOPLIST_KEY_UISupportedInterfaceOrientations_iPhone = "UIInterfaceOrientationPortrait UIInterfaceOrientationLandscapeLeft UIInterfaceOrientationLandscapeRight";
				LD_RUNPATH_SEARCH_PATHS = (
					"$(inherited)",
					"@executable_path/Frameworks",
				);
				MARKETING_VERSION = 1.0;
				PRODUCT_BUNDLE_IDENTIFIER = TWQ.CardFinal;
				PRODUCT_NAME = "$(TARGET_NAME)";
				SWIFT_EMIT_LOC_STRINGS = YES;
				SWIFT_VERSION = 5.0;
				TARGETED_DEVICE_FAMILY = "1,2";
			};
			name = Debug;
		};
		E462B8CA296E414B005F8F2E /* Release */ = {
			isa = XCBuildConfiguration;
			buildSettings = {
				ASSETCATALOG_COMPILER_APPICON_NAME = AppIcon;
				ASSETCATALOG_COMPILER_GLOBAL_ACCENT_COLOR_NAME = AccentColor;
				CODE_SIGN_STYLE = Automatic;
				CURRENT_PROJECT_VERSION = 1;
				DEVELOPMENT_ASSET_PATHS = "\"CardFinal/Preview Content\"";
				DEVELOPMENT_TEAM = 49NQ8F3289;
				ENABLE_PREVIEWS = YES;
				GENERATE_INFOPLIST_FILE = YES;
				INFOPLIST_KEY_UIApplicationSceneManifest_Generation = YES;
				INFOPLIST_KEY_UIApplicationSupportsIndirectInputEvents = YES;
				INFOPLIST_KEY_UILaunchScreen_Generation = YES;
				INFOPLIST_KEY_UISupportedInterfaceOrientations_iPad = "UIInterfaceOrientationPortrait UIInterfaceOrientationPortraitUpsideDown UIInterfaceOrientationLandscapeLeft UIInterfaceOrientationLandscapeRight";
				INFOPLIST_KEY_UISupportedInterfaceOrientations_iPhone = "UIInterfaceOrientationPortrait UIInterfaceOrientationLandscapeLeft UIInterfaceOrientationLandscapeRight";
				LD_RUNPATH_SEARCH_PATHS = (
					"$(inherited)",
					"@executable_path/Frameworks",
				);
				MARKETING_VERSION = 1.0;
				PRODUCT_BUNDLE_IDENTIFIER = TWQ.CardFinal;
				PRODUCT_NAME = "$(TARGET_NAME)";
				SWIFT_EMIT_LOC_STRINGS = YES;
				SWIFT_VERSION = 5.0;
				TARGETED_DEVICE_FAMILY = "1,2";
			};
			name = Release;
		};
/* End XCBuildConfiguration section */

/* Begin XCConfigurationList section */
		E462B8B5296E414A005F8F2E /* Build configuration list for PBXProject "CardFinal" */ = {
			isa = XCConfigurationList;
			buildConfigurations = (
				E462B8C6296E414B005F8F2E /* Debug */,
				E462B8C7296E414B005F8F2E /* Release */,
			);
			defaultConfigurationIsVisible = 0;
			defaultConfigurationName = Release;
		};
		E462B8C8296E414B005F8F2E /* Build configuration list for PBXNativeTarget "CardFinal" */ = {
			isa = XCConfigurationList;
			buildConfigurations = (
				E462B8C9296E414B005F8F2E /* Debug */,
				E462B8CA296E414B005F8F2E /* Release */,
			);
			defaultConfigurationIsVisible = 0;
			defaultConfigurationName = Release;
		};
/* End XCConfigurationList section */

/* Begin XCRemoteSwiftPackageReference section */
		E47EAF0B296ED65C008E206F /* XCRemoteSwiftPackageReference "realm-cocoa" */ = {
			isa = XCRemoteSwiftPackageReference;
			repositoryURL = "https://github.com/realm/realm-cocoa.git";
			requirement = {
				kind = upToNextMajorVersion;
				minimumVersion = 10.10.0;
			};
		};
/* End XCRemoteSwiftPackageReference section */

/* Begin XCSwiftPackageProductDependency section */
		E47EAF0C296ED65C008E206F /* Realm */ = {
			isa = XCSwiftPackageProductDependency;
			package = E47EAF0B296ED65C008E206F /* XCRemoteSwiftPackageReference "realm-cocoa" */;
			productName = Realm;
		};
		E47EAF0E296ED65C008E206F /* RealmSwift */ = {
			isa = XCSwiftPackageProductDependency;
			package = E47EAF0B296ED65C008E206F /* XCRemoteSwiftPackageReference "realm-cocoa" */;
			productName = RealmSwift;
		};
/* End XCSwiftPackageProductDependency section */
	};
	rootObject = E462B8B2296E414A005F8F2E /* Project object */;
}
